
Microsoft Visual Studio Solution File, Format Version 12.00
# Visual Studio Version 16
VisualStudioVersion = 16.0.30503.244
MinimumVisualStudioVersion = 10.0.40219.1
Project("{FAE04EC0-301F-11D3-BF4B-00C04F79EFBC}") = "UI", "UI\UI.csproj", "{E2C644D7-863E-40E0-B9AB-6F5D9661F5DF}"
EndProject
Global
	GlobalSection(SolutionConfigurationPlatforms) = preSolution
		Debug|Any CPU = Debug|Any CPU
		Release|Any CPU = Release|Any CPU
	EndGlobalSection
	GlobalSection(ProjectConfigurationPlatforms) = postSolution
		{E2C644D7-863E-40E0-B9AB-6F5D9661F5DF}.Debug|Any CPU.ActiveCfg = Debug|Any CPU
		{E2C644D7-863E-40E0-B9AB-6F5D9661F5DF}.Debug|Any CPU.Build.0 = Debug|Any CPU
		{E2C644D7-863E-40E0-B9AB-6F5D9661F5DF}.Release|Any CPU.ActiveCfg = Release|Any CPU
		{E2C644D7-863E-40E0-B9AB-6F5D9661F5DF}.Release|Any CPU.Build.0 = Release|Any CPU
	EndGlobalSection
	GlobalSection(SolutionProperties) = preSolution
		HideSolutionNode = FALSE
	EndGlobalSection
	GlobalSection(ExtensibilityGlobals) = postSolution
		SolutionGuid = {E222BFDA-157F-4000-902D-F483571340F3}
	EndGlobalSection
EndGlobal
